schema: '2.0'
stages:
  data_ingestion:
    cmd: python3 src/cnnClassifier/pipeline/stage_01_data_ingestion.py
    deps:
    - path: config/config.yaml
      hash: md5
      md5: 9e4f0b0d133bc2ca7360601b8d83f148
      size: 805
    - path: src/cnnClassifier/pipeline/stage_01_data_ingestion.py
      hash: md5
      md5: b2935fefadf07ffb0fae0756dedad578
      size: 1035
    outs:
    - path: artifacts/data_ingestion/Chicken-fecal-images
      hash: md5
      md5: 9e1f8dd2eae3c29e9d635df89d438ae4.dir
      size: 12207807
      nfiles: 390
  prepare_base_model:
    cmd: python3 src/cnnClassifier/pipeline/stage_02_prepare_base_model.py
    deps:
    - path: config/config.yaml
      hash: md5
      md5: 9e4f0b0d133bc2ca7360601b8d83f148
      size: 805
    - path: src/cnnClassifier/pipeline/stage_02_prepare_base_model.py
      hash: md5
      md5: 06f2b39356f64a24dcc6f9154c4181cc
      size: 913
    params:
      params.yaml:
        CLASSES: 2
        IMAGE_SIZE:
        - 224
        - 224
        - 3
        INCLUDE_TOP: false
        LEARNING_RATE: 0.01
        WEIGHTS: imagenet
    outs:
    - path: artifacts/prepare_base_model
      hash: md5
      md5: d751713988987e9331980363e24189ce.dir
      size: 0
      nfiles: 0
  training:
    cmd: python3 src/cnnClassifier/pipeline/stage_03_training.py
    deps:
    - path: artifacts/data_ingestion/Chicken-fecal-images
      hash: md5
      md5: 9e1f8dd2eae3c29e9d635df89d438ae4.dir
      size: 12207807
      nfiles: 390
    - path: artifacts/prepare_base_model
      hash: md5
      md5: d751713988987e9331980363e24189ce.dir
      size: 0
      nfiles: 0
    - path: config/config.yaml
      hash: md5
      md5: 9e4f0b0d133bc2ca7360601b8d83f148
      size: 805
    - path: src/cnnClassifier/components/prepare_callbacks.py
      hash: md5
      md5: 5e982a99e2faaedd99787ca6f4c8ab4b
      size: 979
    - path: src/cnnClassifier/pipeline/stage_03_training.py
      hash: md5
      md5: 21512dcf5d451c23b1d31503e6de1661
      size: 1223
    params:
      params.yaml:
        AUGMENTATION: true
        BATCH_SIZE: 16
        EPOCHS: 1
        IMAGE_SIZE:
        - 224
        - 224
        - 3
    outs:
    - path: artifacts/training/model.h5
      hash: md5
      md5: c4b56ac9610d3f29f52d4395203ff052
      size: 59127544
  evaluation:
    cmd: python3 src/cnnClassifier/pipeline/stage_04_evaluation.py
    deps:
    - path: artifacts/data_ingestion/Chicken-fecal-images
      hash: md5
      md5: 9e1f8dd2eae3c29e9d635df89d438ae4.dir
      size: 12207807
      nfiles: 390
    - path: artifacts/training/model.h5
      hash: md5
      md5: c4b56ac9610d3f29f52d4395203ff052
      size: 59127544
    - path: config/config.yaml
      hash: md5
      md5: 9e4f0b0d133bc2ca7360601b8d83f148
      size: 805
    - path: src/cnnClassifier/pipeline/stage_04_evaluation.py
      hash: md5
      md5: 3a7900ffe2fe98370fac9763d4f22b08
      size: 838
    params:
      params.yaml:
        BATCH_SIZE: 16
        IMAGE_SIZE:
        - 224
        - 224
        - 3
    outs:
    - path: scores.json
      hash: md5
      md5: 521456df7123780cd20341c49439ce67
      size: 55
